// !$*UTF8*$!
{
	archiveVersion = 1;
	classes = {
	};
	objectVersion = 46;
	objects = {

/* Begin PBXBuildFile section */
		00A880F31ACB2E0E00599E3C /* AppDelegate.swift in Sources */ = {isa = PBXBuildFile; fileRef = 00A880F21ACB2E0E00599E3C /* AppDelegate.swift */; };
		00A880F51ACB2E0E00599E3C /* ViewController.swift in Sources */ = {isa = PBXBuildFile; fileRef = 00A880F41ACB2E0E00599E3C /* ViewController.swift */; };
		00A880F81ACB2E0E00599E3C /* Main.storyboard in Resources */ = {isa = PBXBuildFile; fileRef = 00A880F61ACB2E0E00599E3C /* Main.storyboard */; };
		00A880FA1ACB2E0E00599E3C /* Images.xcassets in Resources */ = {isa = PBXBuildFile; fileRef = 00A880F91ACB2E0E00599E3C /* Images.xcassets */; };
		00A880FD1ACB2E0E00599E3C /* LaunchScreen.xib in Resources */ = {isa = PBXBuildFile; fileRef = 00A880FB1ACB2E0E00599E3C /* LaunchScreen.xib */; };
		00A881091ACB2E0E00599E3C /* pw26Tests.swift in Sources */ = {isa = PBXBuildFile; fileRef = 00A881081ACB2E0E00599E3C /* pw26Tests.swift */; };
		6C4EC2D0CDB175BDE9FE6AF4 /* Pods.framework in Frameworks */ = {isa = PBXBuildFile; fileRef = 41DA8478A80D9C4F904BE769 /* Pods.framework */; settings = {ATTRIBUTES = (Weak, ); }; };
/* End PBXBuildFile section */

/* Begin PBXContainerItemProxy section */
		00A881031ACB2E0E00599E3C /* PBXContainerItemProxy */ = {
			isa = PBXContainerItemProxy;
			containerPortal = 00A880E51ACB2E0E00599E3C /* Project object */;
			proxyType = 1;
			remoteGlobalIDString = 00A880EC1ACB2E0E00599E3C;
			remoteInfo = pw26;
		};
/* End PBXContainerItemProxy section */

/* Begin PBXCopyFilesBuildPhase section */
		00092E0B1B1225B500B4851D /* Embed App Extensions */ = {
			isa = PBXCopyFilesBuildPhase;
			buildActionMask = 2147483647;
			dstPath = "";
			dstSubfolderSpec = 13;
			files = (
			);
			name = "Embed App Extensions";
			runOnlyForDeploymentPostprocessing = 0;
		};
/* End PBXCopyFilesBuildPhase section */

/* Begin PBXFileReference section */
		00092DFC1B1225B500B4851D /* NotificationCenter.framework */ = {isa = PBXFileReference; lastKnownFileType = wrapper.framework; name = NotificationCenter.framework; path = System/Library/Frameworks/NotificationCenter.framework; sourceTree = SDKROOT; };
		00092E0C1B12263800B4851D /* CryptoSwift.framework */ = {isa = PBXFileReference; lastKnownFileType = wrapper.framework; name = CryptoSwift.framework; path = "Pods/../build/Debug-iphoneos/Pods/CryptoSwift.framework"; sourceTree = "<group>"; };
		00092E0E1B12269700B4851D /* CryptoSwift.framework */ = {isa = PBXFileReference; lastKnownFileType = wrapper.framework; name = CryptoSwift.framework; path = "Pods/../build/Debug-iphoneos/Pods/CryptoSwift.framework"; sourceTree = "<group>"; };
		00A880ED1ACB2E0E00599E3C /* pw26.app */ = {isa = PBXFileReference; explicitFileType = wrapper.application; includeInIndex = 0; path = pw26.app; sourceTree = BUILT_PRODUCTS_DIR; };
		00A880F11ACB2E0E00599E3C /* Info.plist */ = {isa = PBXFileReference; lastKnownFileType = text.plist.xml; path = Info.plist; sourceTree = "<group>"; };
		00A880F21ACB2E0E00599E3C /* AppDelegate.swift */ = {isa = PBXFileReference; lastKnownFileType = sourcecode.swift; path = AppDelegate.swift; sourceTree = "<group>"; };
		00A880F41ACB2E0E00599E3C /* ViewController.swift */ = {isa = PBXFileReference; lastKnownFileType = sourcecode.swift; path = ViewController.swift; sourceTree = "<group>"; };
		00A880F71ACB2E0E00599E3C /* Base */ = {isa = PBXFileReference; lastKnownFileType = file.storyboard; name = Base; path = Base.lproj/Main.storyboard; sourceTree = "<group>"; };
		00A880F91ACB2E0E00599E3C /* Images.xcassets */ = {isa = PBXFileReference; lastKnownFileType = folder.assetcatalog; path = Images.xcassets; sourceTree = "<group>"; };
		00A880FC1ACB2E0E00599E3C /* Base */ = {isa = PBXFileReference; lastKnownFileType = file.xib; name = Base; path = Base.lproj/LaunchScreen.xib; sourceTree = "<group>"; };
		00A881021ACB2E0E00599E3C /* pw26Tests.xctest */ = {isa = PBXFileReference; explicitFileType = wrapper.cfbundle; includeInIndex = 0; path = pw26Tests.xctest; sourceTree = BUILT_PRODUCTS_DIR; };
		00A881071ACB2E0E00599E3C /* Info.plist */ = {isa = PBXFileReference; lastKnownFileType = text.plist.xml; path = Info.plist; sourceTree = "<group>"; };
		00A881081ACB2E0E00599E3C /* pw26Tests.swift */ = {isa = PBXFileReference; lastKnownFileType = sourcecode.swift; path = pw26Tests.swift; sourceTree = "<group>"; };
		41DA8478A80D9C4F904BE769 /* Pods.framework */ = {isa = PBXFileReference; explicitFileType = wrapper.framework; includeInIndex = 0; path = Pods.framework; sourceTree = BUILT_PRODUCTS_DIR; };
		9141A2AA8B747171CA2AC789 /* Pods.debug.xcconfig */ = {isa = PBXFileReference; includeInIndex = 1; lastKnownFileType = text.xcconfig; name = Pods.debug.xcconfig; path = "Pods/Target Support Files/Pods/Pods.debug.xcconfig"; sourceTree = "<group>"; };
		A1B2DB71793B05D2FBA00C19 /* Pods.release.xcconfig */ = {isa = PBXFileReference; includeInIndex = 1; lastKnownFileType = text.xcconfig; name = Pods.release.xcconfig; path = "Pods/Target Support Files/Pods/Pods.release.xcconfig"; sourceTree = "<group>"; };
/* End PBXFileReference section */

/* Begin PBXFrameworksBuildPhase section */
		00A880EA1ACB2E0E00599E3C /* Frameworks */ = {
			isa = PBXFrameworksBuildPhase;
			buildActionMask = 2147483647;
			files = (
				6C4EC2D0CDB175BDE9FE6AF4 /* Pods.framework in Frameworks */,
			);
			runOnlyForDeploymentPostprocessing = 0;
		};
		00A880FF1ACB2E0E00599E3C /* Frameworks */ = {
			isa = PBXFrameworksBuildPhase;
			buildActionMask = 2147483647;
			files = (
			);
			runOnlyForDeploymentPostprocessing = 0;
		};
/* End PBXFrameworksBuildPhase section */

/* Begin PBXGroup section */
		00A880E41ACB2E0E00599E3C = {
			isa = PBXGroup;
			children = (
				00A880EF1ACB2E0E00599E3C /* pw26 */,
				00A881051ACB2E0E00599E3C /* pw26Tests */,
				00A880EE1ACB2E0E00599E3C /* Products */,
				0B4688ED1A2AC6007699D08A /* Pods */,
				BD44C0EE8D49AAB3C6397548 /* Frameworks */,
			);
			sourceTree = "<group>";
		};
		00A880EE1ACB2E0E00599E3C /* Products */ = {
			isa = PBXGroup;
			children = (
				00A880ED1ACB2E0E00599E3C /* pw26.app */,
				00A881021ACB2E0E00599E3C /* pw26Tests.xctest */,
			);
			name = Products;
			sourceTree = "<group>";
		};
		00A880EF1ACB2E0E00599E3C /* pw26 */ = {
			isa = PBXGroup;
			children = (
				00A880F21ACB2E0E00599E3C /* AppDelegate.swift */,
				00A880F41ACB2E0E00599E3C /* ViewController.swift */,
				00A880F61ACB2E0E00599E3C /* Main.storyboard */,
				00A880F91ACB2E0E00599E3C /* Images.xcassets */,
				00A880FB1ACB2E0E00599E3C /* LaunchScreen.xib */,
				00A880F01ACB2E0E00599E3C /* Supporting Files */,
			);
			path = pw26;
			sourceTree = "<group>";
		};
		00A880F01ACB2E0E00599E3C /* Supporting Files */ = {
			isa = PBXGroup;
			children = (
				00A880F11ACB2E0E00599E3C /* Info.plist */,
			);
			name = "Supporting Files";
			sourceTree = "<group>";
		};
		00A881051ACB2E0E00599E3C /* pw26Tests */ = {
			isa = PBXGroup;
			children = (
				00A881081ACB2E0E00599E3C /* pw26Tests.swift */,
				00A881061ACB2E0E00599E3C /* Supporting Files */,
			);
			path = pw26Tests;
			sourceTree = "<group>";
		};
		00A881061ACB2E0E00599E3C /* Supporting Files */ = {
			isa = PBXGroup;
			children = (
				00A881071ACB2E0E00599E3C /* Info.plist */,
			);
			name = "Supporting Files";
			sourceTree = "<group>";
		};
		0B4688ED1A2AC6007699D08A /* Pods */ = {
			isa = PBXGroup;
			children = (
				9141A2AA8B747171CA2AC789 /* Pods.debug.xcconfig */,
				A1B2DB71793B05D2FBA00C19 /* Pods.release.xcconfig */,
			);
			name = Pods;
			sourceTree = "<group>";
		};
		BD44C0EE8D49AAB3C6397548 /* Frameworks */ = {
			isa = PBXGroup;
			children = (
				00092E0E1B12269700B4851D /* CryptoSwift.framework */,
				00092E0C1B12263800B4851D /* CryptoSwift.framework */,
				41DA8478A80D9C4F904BE769 /* Pods.framework */,
				00092DFC1B1225B500B4851D /* NotificationCenter.framework */,
			);
			name = Frameworks;
			sourceTree = "<group>";
		};
/* End PBXGroup section */

/* Begin PBXNativeTarget section */
		00A880EC1ACB2E0E00599E3C /* pw26 */ = {
			isa = PBXNativeTarget;
			buildConfigurationList = 00A8810C1ACB2E0E00599E3C /* Build configuration list for PBXNativeTarget "pw26" */;
			buildPhases = (
				F1850AAC77D4246CF912E63C /* Check Pods Manifest.lock */,
				00A880E91ACB2E0E00599E3C /* Sources */,
				00A880EA1ACB2E0E00599E3C /* Frameworks */,
				00A880EB1ACB2E0E00599E3C /* Resources */,
				0797EED7241A79E3A1D09F13 /* Embed Pods Frameworks */,
				C93C7E80092D7A14BD8143F3 /* Copy Pods Resources */,
				00092E0B1B1225B500B4851D /* Embed App Extensions */,
			);
			buildRules = (
			);
			dependencies = (
			);
			name = pw26;
			productName = pw26;
			productReference = 00A880ED1ACB2E0E00599E3C /* pw26.app */;
			productType = "com.apple.product-type.application";
		};
		00A881011ACB2E0E00599E3C /* pw26Tests */ = {
			isa = PBXNativeTarget;
			buildConfigurationList = 00A8810F1ACB2E0E00599E3C /* Build configuration list for PBXNativeTarget "pw26Tests" */;
			buildPhases = (
				00A880FE1ACB2E0E00599E3C /* Sources */,
				00A880FF1ACB2E0E00599E3C /* Frameworks */,
				00A881001ACB2E0E00599E3C /* Resources */,
			);
			buildRules = (
			);
			dependencies = (
				00A881041ACB2E0E00599E3C /* PBXTargetDependency */,
			);
			name = pw26Tests;
			productName = pw26Tests;
			productReference = 00A881021ACB2E0E00599E3C /* pw26Tests.xctest */;
			productType = "com.apple.product-type.bundle.unit-test";
		};
/* End PBXNativeTarget section */

/* Begin PBXProject section */
		00A880E51ACB2E0E00599E3C /* Project object */ = {
			isa = PBXProject;
			attributes = {
				LastSwiftMigration = 0700;
				LastSwiftUpdateCheck = 0700;
				LastUpgradeCheck = 0700;
				ORGANIZATIONNAME = io.pwapp;
				TargetAttributes = {
					00A880EC1ACB2E0E00599E3C = {
						CreatedOnToolsVersion = 6.1.1;
						DevelopmentTeam = LZF4KQM3HY;
					};
					00A881011ACB2E0E00599E3C = {
						CreatedOnToolsVersion = 6.1.1;
						TestTargetID = 00A880EC1ACB2E0E00599E3C;
					};
				};
			};
			buildConfigurationList = 00A880E81ACB2E0E00599E3C /* Build configuration list for PBXProject "pw26" */;
			compatibilityVersion = "Xcode 3.2";
			developmentRegion = English;
			hasScannedForEncodings = 0;
			knownRegions = (
				en,
				Base,
			);
			mainGroup = 00A880E41ACB2E0E00599E3C;
			productRefGroup = 00A880EE1ACB2E0E00599E3C /* Products */;
			projectDirPath = "";
			projectRoot = "";
			targets = (
				00A880EC1ACB2E0E00599E3C /* pw26 */,
				00A881011ACB2E0E00599E3C /* pw26Tests */,
			);
		};
/* End PBXProject section */

/* Begin PBXResourcesBuildPhase section */
		00A880EB1ACB2E0E00599E3C /* Resources */ = {
			isa = PBXResourcesBuildPhase;
			buildActionMask = 2147483647;
			files = (
				00A880F81ACB2E0E00599E3C /* Main.storyboard in Resources */,
				00A880FD1ACB2E0E00599E3C /* LaunchScreen.xib in Resources */,
				00A880FA1ACB2E0E00599E3C /* Images.xcassets in Resources */,
			);
			runOnlyForDeploymentPostprocessing = 0;
		};
		00A881001ACB2E0E00599E3C /* Resources */ = {
			isa = PBXResourcesBuildPhase;
			buildActionMask = 2147483647;
			files = (
			);
			runOnlyForDeploymentPostprocessing = 0;
		};
/* End PBXResourcesBuildPhase section */

/* Begin PBXShellScriptBuildPhase section */
		0797EED7241A79E3A1D09F13 /* Embed Pods Frameworks */ = {
			isa = PBXShellScriptBuildPhase;
			buildActionMask = 2147483647;
			files = (
			);
			inputPaths = (
			);
			name = "Embed Pods Frameworks";
			outputPaths = (
			);
			runOnlyForDeploymentPostprocessing = 0;
			shellPath = /bin/sh;
			shellScript = "\"${SRCROOT}/Pods/Target Support Files/Pods/Pods-frameworks.sh\"\n";
			showEnvVarsInLog = 0;
		};
		C93C7E80092D7A14BD8143F3 /* Copy Pods Resources */ = {
			isa = PBXShellScriptBuildPhase;
			buildActionMask = 2147483647;
			files = (
			);
			inputPaths = (
			);
			name = "Copy Pods Resources";
			outputPaths = (
			);
			runOnlyForDeploymentPostprocessing = 0;
			shellPath = /bin/sh;
			shellScript = "\"${SRCROOT}/Pods/Target Support Files/Pods/Pods-resources.sh\"\n";
			showEnvVarsInLog = 0;
		};
		F1850AAC77D4246CF912E63C /* Check Pods Manifest.lock */ = {
			isa = PBXShellScriptBuildPhase;
			buildActionMask = 2147483647;
			files = (
			);
			inputPaths = (
			);
			name = "Check Pods Manifest.lock";
			outputPaths = (
			);
			runOnlyForDeploymentPostprocessing = 0;
			shellPath = /bin/sh;
			shellScript = "diff \"${PODS_ROOT}/../Podfile.lock\" \"${PODS_ROOT}/Manifest.lock\" > /dev/null\nif [[ $? != 0 ]] ; then\n    cat << EOM\nerror: The sandbox is not in sync with the Podfile.lock. Run 'pod install' or update your CocoaPods installation.\nEOM\n    exit 1\nfi\n";
			showEnvVarsInLog = 0;
		};
/* End PBXShellScriptBuildPhase section */

/* Begin PBXSourcesBuildPhase section */
		00A880E91ACB2E0E00599E3C /* Sources */ = {
			isa = PBXSourcesBuildPhase;
			buildActionMask = 2147483647;
			files = (
				00A880F51ACB2E0E00599E3C /* ViewController.swift in Sources */,
				00A880F31ACB2E0E00599E3C /* AppDelegate.swift in Sources */,
			);
			runOnlyForDeploymentPostprocessing = 0;
		};
		00A880FE1ACB2E0E00599E3C /* Sources */ = {
			isa = PBXSourcesBuildPhase;
			buildActionMask = 2147483647;
			files = (
				00A881091ACB2E0E00599E3C /* pw26Tests.swift in Sources */,
			);
			runOnlyForDeploymentPostprocessing = 0;
		};
/* End PBXSourcesBuildPhase section */

/* Begin PBXTargetDependency section */
		00A881041ACB2E0E00599E3C /* PBXTargetDependency */ = {
			isa = PBXTargetDependency;
			target = 00A880EC1ACB2E0E00599E3C /* pw26 */;
			targetProxy = 00A881031ACB2E0E00599E3C /* PBXContainerItemProxy */;
		};
/* End PBXTargetDependency section */

/* Begin PBXVariantGroup section */
		00A880F61ACB2E0E00599E3C /* Main.storyboard */ = {
			isa = PBXVariantGroup;
			children = (
				00A880F71ACB2E0E00599E3C /* Base */,
			);
			name = Main.storyboard;
			sourceTree = "<group>";
		};
		00A880FB1ACB2E0E00599E3C /* LaunchScreen.xib */ = {
			isa = PBXVariantGroup;
			children = (
				00A880FC1ACB2E0E00599E3C /* Base */,
			);
			name = LaunchScreen.xib;
			sourceTree = "<group>";
		};
/* End PBXVariantGroup section */

/* Begin XCBuildConfiguration section */
		00A8810A1ACB2E0E00599E3C /* Debug */ = {
			isa = XCBuildConfiguration;
			buildSettings = {
				ALWAYS_SEARCH_USER_PATHS = NO;
				CLANG_CXX_LANGUAGE_STANDARD = "gnu++0x";
				CLANG_CXX_LIBRARY = "libc++";
				CLANG_ENABLE_MODULES = YES;
				CLANG_ENABLE_OBJC_ARC = YES;
				CLANG_WARN_BOOL_CONVERSION = YES;
				CLANG_WARN_CONSTANT_CONVERSION = YES;
				CLANG_WARN_DIRECT_OBJC_ISA_USAGE = YES_ERROR;
				CLANG_WARN_EMPTY_BODY = YES;
				CLANG_WARN_ENUM_CONVERSION = YES;
				CLANG_WARN_INT_CONVERSION = YES;
				CLANG_WARN_OBJC_ROOT_CLASS = YES_ERROR;
				CLANG_WARN_UNREACHABLE_CODE = YES;
				CLANG_WARN__DUPLICATE_METHOD_MATCH = YES;
				"CODE_SIGN_IDENTITY[sdk=iphoneos*]" = "iPhone Developer";
				COPY_PHASE_STRIP = NO;
				ENABLE_STRICT_OBJC_MSGSEND = YES;
				ENABLE_TESTABILITY = YES;
				GCC_C_LANGUAGE_STANDARD = gnu99;
				GCC_DYNAMIC_NO_PIC = NO;
				GCC_OPTIMIZATION_LEVEL = 0;
				GCC_PREPROCESSOR_DEFINITIONS = (
					"DEBUG=1",
					"$(inherited)",
				);
				GCC_SYMBOLS_PRIVATE_EXTERN = NO;
				GCC_WARN_64_TO_32_BIT_CONVERSION = YES;
				GCC_WARN_ABOUT_RETURN_TYPE = YES_ERROR;
				GCC_WARN_UNDECLARED_SELECTOR = YES;
				GCC_WARN_UNINITIALIZED_AUTOS = YES_AGGRESSIVE;
				GCC_WARN_UNUSED_FUNCTION = YES;
				GCC_WARN_UNUSED_VARIABLE = YES;
				IPHONEOS_DEPLOYMENT_TARGET = 8.1;
				MTL_ENABLE_DEBUG_INFO = YES;
				ONLY_ACTIVE_ARCH = YES;
				SDKROOT = iphoneos;
				SWIFT_OPTIMIZATION_LEVEL = "-Onone";
			};
			name = Debug;
		};
		00A8810B1ACB2E0E00599E3C /* Release */ = {
			isa = XCBuildConfiguration;
			buildSettings = {
				ALWAYS_SEARCH_USER_PATHS = NO;
				CLANG_CXX_LANGUAGE_STANDARD = "gnu++0x";
				CLANG_CXX_LIBRARY = "libc++";
				CLANG_ENABLE_MODULES = YES;
				CLANG_ENABLE_OBJC_ARC = YES;
				CLANG_WARN_BOOL_CONVERSION = YES;
				CLANG_WARN_CONSTANT_CONVERSION = YES;
				CLANG_WARN_DIRECT_OBJC_ISA_USAGE = YES_ERROR;
				CLANG_WARN_EMPTY_BODY = YES;
				CLANG_WARN_ENUM_CONVERSION = YES;
				CLANG_WARN_INT_CONVERSION = YES;
				CLANG_WARN_OBJC_ROOT_CLASS = YES_ERROR;
				CLANG_WARN_UNREACHABLE_CODE = YES;
				CLANG_WARN__DUPLICATE_METHOD_MATCH = YES;
				"CODE_SIGN_IDENTITY[sdk=iphoneos*]" = "iPhone Developer";
				COPY_PHASE_STRIP = YES;
				ENABLE_NS_ASSERTIONS = NO;
				ENABLE_STRICT_OBJC_MSGSEND = YES;
				GCC_C_LANGUAGE_STANDARD = gnu99;
				GCC_WARN_64_TO_32_BIT_CONVERSION = YES;
				GCC_WARN_ABOUT_RETURN_TYPE = YES_ERROR;
				GCC_WARN_UNDECLARED_SELECTOR = YES;
				GCC_WARN_UNINITIALIZED_AUTOS = YES_AGGRESSIVE;
				GCC_WARN_UNUSED_FUNCTION = YES;
				GCC_WARN_UNUSED_VARIABLE = YES;
				IPHONEOS_DEPLOYMENT_TARGET = 8.1;
				MTL_ENABLE_DEBUG_INFO = NO;
				SDKROOT = iphoneos;
				VALIDATE_PRODUCT = YES;
			};
			name = Release;
		};
		00A8810D1ACB2E0E00599E3C /* Debug */ = {
			isa = XCBuildConfiguration;
			baseConfigurationReference = 9141A2AA8B747171CA2AC789 /* Pods.debug.xcconfig */;
			buildSettings = {
				ASSETCATALOG_COMPILER_APPICON_NAME = AppIcon;
				CODE_SIGN_IDENTITY = "iPhone Developer";
				"CODE_SIGN_IDENTITY[sdk=iphoneos*]" = "iPhone Developer";
				INFOPLIST_FILE = pw26/Info.plist;
				LD_RUNPATH_SEARCH_PATHS = "$(inherited) @executable_path/Frameworks";
				PRODUCT_BUNDLE_IDENTIFIER = "io.pwapp.$(PRODUCT_NAME:rfc1034identifier)";
				PRODUCT_NAME = "$(TARGET_NAME)";
				PROVISIONING_PROFILE = "";
				TARGETED_DEVICE_FAMILY = "1,2";
			};
			name = Debug;
		};
		00A8810E1ACB2E0E00599E3C /* Release */ = {
			isa = XCBuildConfiguration;
			baseConfigurationReference = A1B2DB71793B05D2FBA00C19 /* Pods.release.xcconfig */;
			buildSettings = {
				ASSETCATALOG_COMPILER_APPICON_NAME = AppIcon;
				CODE_SIGN_IDENTITY = "iPhone Developer";
				"CODE_SIGN_IDENTITY[sdk=iphoneos*]" = "iPhone Developer";
				INFOPLIST_FILE = pw26/Info.plist;
				LD_RUNPATH_SEARCH_PATHS = "$(inherited) @executable_path/Frameworks";
				PRODUCT_BUNDLE_IDENTIFIER = "io.pwapp.$(PRODUCT_NAME:rfc1034identifier)";
				PRODUCT_NAME = "$(TARGET_NAME)";
				PROVISIONING_PROFILE = "";
				TARGETED_DEVICE_FAMILY = "1,2";
			};
			name = Release;
		};
		00A881101ACB2E0E00599E3C /* Debug */ = {
			isa = XCBuildConfiguration;
			buildSettings = {
				BUNDLE_LOADER = "$(TEST_HOST)";
				FRAMEWORK_SEARCH_PATHS = (
					"$(SDKROOT)/Developer/Library/Frameworks",
					"$(inherited)",
				);
				GCC_PREPROCESSOR_DEFINITIONS = (
					"DEBUG=1",
					"$(inherited)",
				);
				INFOPLIST_FILE = pw26Tests/Info.plist;
				LD_RUNPATH_SEARCH_PATHS = "$(inherited) @executable_path/Frameworks @loader_path/Frameworks";
				PRODUCT_BUNDLE_IDENTIFIER = "io.pwapp.$(PRODUCT_NAME:rfc1034identifier)";
				PRODUCT_NAME = "$(TARGET_NAME)";
				TEST_HOST = "$(BUILT_PRODUCTS_DIR)/pw26.app/pw26";
			};
			name = Debug;
		};
		00A881111ACB2E0E00599E3C /* Release */ = {
			isa = XCBuildConfiguration;
			buildSettings = {
				BUNDLE_LOADER = "$(TEST_HOST)";
				FRAMEWORK_SEARCH_PATHS = (
					"$(SDKROOT)/Developer/Library/Frameworks",
					"$(inherited)",
				);
				INFOPLIST_FILE = pw26Tests/Info.plist;
				LD_RUNPATH_SEARCH_PATHS = "$(inherited) @executable_path/Frameworks @loader_path/Frameworks";
				PRODUCT_BUNDLE_IDENTIFIER = "io.pwapp.$(PRODUCT_NAME:rfc1034identifier)";
				PRODUCT_NAME = "$(TARGET_NAME)";
				TEST_HOST = "$(BUILT_PRODUCTS_DIR)/pw26.app/pw26";
			};
			name = Release;
		};
/* End XCBuildConfiguration section */

/* Begin XCConfigurationList section */
		00A880E81ACB2E0E00599E3C /* Build configuration list for PBXProject "pw26" */ = {
			isa = XCConfigurationList;
			buildConfigurations = (
				00A8810A1ACB2E0E00599E3C /* Debug */,
				00A8810B1ACB2E0E00599E3C /* Release */,
			);
			defaultConfigurationIsVisible = 0;
			defaultConfigurationName = Release;
		};
		00A8810C1ACB2E0E00599E3C /* Build configuration list for PBXNativeTarget "pw26" */ = {
			isa = XCConfigurationList;
			buildConfigurations = (
				00A8810D1ACB2E0E00599E3C /* Debug */,
				00A8810E1ACB2E0E00599E3C /* Release */,
			);
			defaultConfigurationIsVisible = 0;
			defaultConfigurationName = Release;
		};
		00A8810F1ACB2E0E00599E3C /* Build configuration list for PBXNativeTarget "pw26Tests" */ = {
			isa = XCConfigurationList;
			buildConfigurations = (
				00A881101ACB2E0E00599E3C /* Debug */,
				00A881111ACB2E0E00599E3C /* Release */,
			);
			defaultConfigurationIsVisible = 0;
			defaultConfigurationName = Release;
		};
/* End XCConfigurationList section */
	};
	rootObject = 00A880E51ACB2E0E00599E3C /* Project object */;
}
